github.com/nunocoracao/blowfish/v2 v2.19.1 h1:2cnXFrdxikBpbcKQ20pv6C0ZeTtCnapM72ZdQwjc9kU=
github.com/nunocoracao/blowfish/v2 v2.19.1/go.mod h1:4SkMc+Ht8gpQCwArqiHMBDP3soxi2OWuAhVney+cuyk=
github.com/nunocoracao/blowfish/v2 v2.22.0 h1:L3AWILLK1heJ/y3euQnpCCXQmZqer+nqhLH10bC+2FA=
github.com/nunocoracao/blowfish/v2 v2.22.0/go.mod h1:4SkMc+Ht8gpQCwArqiHMBDP3soxi2OWuAhVney+cuyk=
